// !$*UTF8*$!
{
	archiveVersion = 1;
	classes = {
	};
	objectVersion = 50;
	objects = {

/* Begin PBXBuildFile section */
		D4139FAA2646DBFF000930CF /* duckduckGoApp.swift in Sources */ = {isa = PBXBuildFile; fileRef = D4139FA92646DBFF000930CF /* duckduckGoApp.swift */; };
		D4139FAC2646DBFF000930CF /* CharactersListView.swift in Sources */ = {isa = PBXBuildFile; fileRef = D4139FAB2646DBFF000930CF /* CharactersListView.swift */; };
		D4139FAE2646DC04000930CF /* Assets.xcassets in Resources */ = {isa = PBXBuildFile; fileRef = D4139FAD2646DC04000930CF /* Assets.xcassets */; };
		D4139FB12646DC04000930CF /* Preview Assets.xcassets in Resources */ = {isa = PBXBuildFile; fileRef = D4139FB02646DC04000930CF /* Preview Assets.xcassets */; };
		D4139FD62646EA12000930CF /* CharactersListView.swift in Sources */ = {isa = PBXBuildFile; fileRef = D4139FAB2646DBFF000930CF /* CharactersListView.swift */; };
		D4139FD72646EA12000930CF /* duckduckGoApp.swift in Sources */ = {isa = PBXBuildFile; fileRef = D4139FA92646DBFF000930CF /* duckduckGoApp.swift */; };
		D4139FDA2646EA12000930CF /* Preview Assets.xcassets in Resources */ = {isa = PBXBuildFile; fileRef = D4139FB02646DC04000930CF /* Preview Assets.xcassets */; };
		D4139FDB2646EA12000930CF /* Assets.xcassets in Resources */ = {isa = PBXBuildFile; fileRef = D4139FAD2646DC04000930CF /* Assets.xcassets */; };
		D4139FE42646F6A1000930CF /* CharactersListViewModel.swift in Sources */ = {isa = PBXBuildFile; fileRef = D4139FE32646F6A1000930CF /* CharactersListViewModel.swift */; };
		D4139FE62646FB67000930CF /* CharacterDetailsView.swift in Sources */ = {isa = PBXBuildFile; fileRef = D4139FE52646FB67000930CF /* CharacterDetailsView.swift */; };
		D4139FE72646FB67000930CF /* CharacterDetailsView.swift in Sources */ = {isa = PBXBuildFile; fileRef = D4139FE52646FB67000930CF /* CharacterDetailsView.swift */; };
		D4139FE82646FB7A000930CF /* CharactersListViewModel.swift in Sources */ = {isa = PBXBuildFile; fileRef = D4139FE32646F6A1000930CF /* CharactersListViewModel.swift */; };
		D4139FEA2646FBE8000930CF /* CharactersAPIResponse.swift in Sources */ = {isa = PBXBuildFile; fileRef = D4139FE92646FBE8000930CF /* CharactersAPIResponse.swift */; };
		D4139FEB2646FBE8000930CF /* CharactersAPIResponse.swift in Sources */ = {isa = PBXBuildFile; fileRef = D4139FE92646FBE8000930CF /* CharactersAPIResponse.swift */; };
		D4139FED2646FCD0000930CF /* CharactersAPI.swift in Sources */ = {isa = PBXBuildFile; fileRef = D4139FEC2646FCD0000930CF /* CharactersAPI.swift */; };
		D4139FEE2646FCD0000930CF /* CharactersAPI.swift in Sources */ = {isa = PBXBuildFile; fileRef = D4139FEC2646FCD0000930CF /* CharactersAPI.swift */; };
		D4139FF02646FD45000930CF /* ImageLoader.swift in Sources */ = {isa = PBXBuildFile; fileRef = D4139FEF2646FD45000930CF /* ImageLoader.swift */; };
		D4139FF12646FD45000930CF /* ImageLoader.swift in Sources */ = {isa = PBXBuildFile; fileRef = D4139FEF2646FD45000930CF /* ImageLoader.swift */; };
		D4139FF32646FD88000930CF /* Constants.swift in Sources */ = {isa = PBXBuildFile; fileRef = D4139FF22646FD88000930CF /* Constants.swift */; };
		D4139FF42646FD88000930CF /* Constants.swift in Sources */ = {isa = PBXBuildFile; fileRef = D4139FF22646FD88000930CF /* Constants.swift */; };
		D4139FF626471AEB000930CF /* URLImage.swift in Sources */ = {isa = PBXBuildFile; fileRef = D4139FF526471AEB000930CF /* URLImage.swift */; };
		D4139FF726471AEB000930CF /* URLImage.swift in Sources */ = {isa = PBXBuildFile; fileRef = D4139FF526471AEB000930CF /* URLImage.swift */; };
		D413A00E26473990000930CF /* ExtensionString.swift in Sources */ = {isa = PBXBuildFile; fileRef = D413A00D26473990000930CF /* ExtensionString.swift */; };
		D413A00F26473990000930CF /* ExtensionString.swift in Sources */ = {isa = PBXBuildFile; fileRef = D413A00D26473990000930CF /* ExtensionString.swift */; };
		D41987E8264915BD000CCD7A /* simpsonsCharaTests.swift in Sources */ = {isa = PBXBuildFile; fileRef = D41987E7264915BD000CCD7A /* simpsonsCharaTests.swift */; };
		D41987F626492989000CCD7A /* theWireCharaTests.swift in Sources */ = {isa = PBXBuildFile; fileRef = D41987F526492989000CCD7A /* theWireCharaTests.swift */; };
		D4198804264929A8000CCD7A /* theWireCharaUITests.swift in Sources */ = {isa = PBXBuildFile; fileRef = D4198803264929A8000CCD7A /* theWireCharaUITests.swift */; };
		D434F5A82647F0BD00251D6D /* OrientationInfo.swift in Sources */ = {isa = PBXBuildFile; fileRef = D434F5A72647F0BD00251D6D /* OrientationInfo.swift */; };
		D434F5A92648182300251D6D /* OrientationInfo.swift in Sources */ = {isa = PBXBuildFile; fileRef = D434F5A72647F0BD00251D6D /* OrientationInfo.swift */; };
		D479724126490BF200FC4B0A /* simpsonsCharaUITests.swift in Sources */ = {isa = PBXBuildFile; fileRef = D479724026490BF200FC4B0A /* simpsonsCharaUITests.swift */; };
/* End PBXBuildFile section */

/* Begin PBXContainerItemProxy section */
		D41987EA264915BD000CCD7A /* PBXContainerItemProxy */ = {
			isa = PBXContainerItemProxy;
			containerPortal = D4139F9E2646DBFF000930CF /* Project object */;
			proxyType = 1;
			remoteGlobalIDString = D4139FA52646DBFF000930CF;
			remoteInfo = simpsonsChara;
		};
		D41987F826492989000CCD7A /* PBXContainerItemProxy */ = {
			isa = PBXContainerItemProxy;
			containerPortal = D4139F9E2646DBFF000930CF /* Project object */;
			proxyType = 1;
			remoteGlobalIDString = D4139FD42646EA12000930CF;
			remoteInfo = theWireChara;
		};
		D4198806264929A8000CCD7A /* PBXContainerItemProxy */ = {
			isa = PBXContainerItemProxy;
			containerPortal = D4139F9E2646DBFF000930CF /* Project object */;
			proxyType = 1;
			remoteGlobalIDString = D4139FD42646EA12000930CF;
			remoteInfo = theWireChara;
		};
		D479724326490BF200FC4B0A /* PBXContainerItemProxy */ = {
			isa = PBXContainerItemProxy;
			containerPortal = D4139F9E2646DBFF000930CF /* Project object */;
			proxyType = 1;
			remoteGlobalIDString = D4139FA52646DBFF000930CF;
			remoteInfo = simpsonsChara;
		};
/* End PBXContainerItemProxy section */

/* Begin PBXFileReference section */
		D4139FA62646DBFF000930CF /* simpsonsChara.app */ = {isa = PBXFileReference; explicitFileType = wrapper.application; includeInIndex = 0; path = simpsonsChara.app; sourceTree = BUILT_PRODUCTS_DIR; };
		D4139FA92646DBFF000930CF /* duckduckGoApp.swift */ = {isa = PBXFileReference; lastKnownFileType = sourcecode.swift; path = duckduckGoApp.swift; sourceTree = "<group>"; };
		D4139FAB2646DBFF000930CF /* CharactersListView.swift */ = {isa = PBXFileReference; lastKnownFileType = sourcecode.swift; path = CharactersListView.swift; sourceTree = "<group>"; };
		D4139FAD2646DC04000930CF /* Assets.xcassets */ = {isa = PBXFileReference; lastKnownFileType = folder.assetcatalog; path = Assets.xcassets; sourceTree = "<group>"; };
		D4139FB02646DC04000930CF /* Preview Assets.xcassets */ = {isa = PBXFileReference; lastKnownFileType = folder.assetcatalog; path = "Preview Assets.xcassets"; sourceTree = "<group>"; };
		D4139FB22646DC04000930CF /* Info.plist */ = {isa = PBXFileReference; lastKnownFileType = text.plist.xml; path = Info.plist; sourceTree = "<group>"; };
		D4139FDF2646EA12000930CF /* theWireChara.app */ = {isa = PBXFileReference; explicitFileType = wrapper.application; includeInIndex = 0; path = theWireChara.app; sourceTree = BUILT_PRODUCTS_DIR; };
		D4139FE02646EA12000930CF /* duckduckGo copy-Info.plist */ = {isa = PBXFileReference; lastKnownFileType = text.plist.xml; name = "duckduckGo copy-Info.plist"; path = "/Users/satoruishii/Documents/Dev/TakeHome/duckduckGo/duckduckGo copy-Info.plist"; sourceTree = "<absolute>"; };
		D4139FE32646F6A1000930CF /* CharactersListViewModel.swift */ = {isa = PBXFileReference; lastKnownFileType = sourcecode.swift; path = CharactersListViewModel.swift; sourceTree = "<group>"; };
		D4139FE52646FB67000930CF /* CharacterDetailsView.swift */ = {isa = PBXFileReference; lastKnownFileType = sourcecode.swift; path = CharacterDetailsView.swift; sourceTree = "<group>"; };
		D4139FE92646FBE8000930CF /* CharactersAPIResponse.swift */ = {isa = PBXFileReference; lastKnownFileType = sourcecode.swift; path = CharactersAPIResponse.swift; sourceTree = "<group>"; };
		D4139FEC2646FCD0000930CF /* CharactersAPI.swift */ = {isa = PBXFileReference; lastKnownFileType = sourcecode.swift; path = CharactersAPI.swift; sourceTree = "<group>"; };
		D4139FEF2646FD45000930CF /* ImageLoader.swift */ = {isa = PBXFileReference; lastKnownFileType = sourcecode.swift; path = ImageLoader.swift; sourceTree = "<group>"; };
		D4139FF22646FD88000930CF /* Constants.swift */ = {isa = PBXFileReference; lastKnownFileType = sourcecode.swift; path = Constants.swift; sourceTree = "<group>"; };
		D4139FF526471AEB000930CF /* URLImage.swift */ = {isa = PBXFileReference; lastKnownFileType = sourcecode.swift; path = URLImage.swift; sourceTree = "<group>"; };
		D413A00C26472B9D000930CF /* simpsonsChara copy-Info.plist */ = {isa = PBXFileReference; lastKnownFileType = text.plist.xml; name = "simpsonsChara copy-Info.plist"; path = "/Users/satoruishii/Documents/Dev/TakeHome/duckduckGo/simpsonsChara copy-Info.plist"; sourceTree = "<absolute>"; };
		D413A00D26473990000930CF /* ExtensionString.swift */ = {isa = PBXFileReference; lastKnownFileType = sourcecode.swift; path = ExtensionString.swift; sourceTree = "<group>"; };
		D41987E5264915BD000CCD7A /* simpsonsCharaTests.xctest */ = {isa = PBXFileReference; explicitFileType = wrapper.cfbundle; includeInIndex = 0; path = simpsonsCharaTests.xctest; sourceTree = BUILT_PRODUCTS_DIR; };
		D41987E7264915BD000CCD7A /* simpsonsCharaTests.swift */ = {isa = PBXFileReference; lastKnownFileType = sourcecode.swift; path = simpsonsCharaTests.swift; sourceTree = "<group>"; };
		D41987E9264915BD000CCD7A /* Info.plist */ = {isa = PBXFileReference; lastKnownFileType = text.plist.xml; path = Info.plist; sourceTree = "<group>"; };
		D41987F326492989000CCD7A /* theWireCharaTests.xctest */ = {isa = PBXFileReference; explicitFileType = wrapper.cfbundle; includeInIndex = 0; path = theWireCharaTests.xctest; sourceTree = BUILT_PRODUCTS_DIR; };
		D41987F526492989000CCD7A /* theWireCharaTests.swift */ = {isa = PBXFileReference; lastKnownFileType = sourcecode.swift; path = theWireCharaTests.swift; sourceTree = "<group>"; };
		D41987F726492989000CCD7A /* Info.plist */ = {isa = PBXFileReference; lastKnownFileType = text.plist.xml; path = Info.plist; sourceTree = "<group>"; };
		D4198801264929A7000CCD7A /* theWireCharaUITests.xctest */ = {isa = PBXFileReference; explicitFileType = wrapper.cfbundle; includeInIndex = 0; path = theWireCharaUITests.xctest; sourceTree = BUILT_PRODUCTS_DIR; };
		D4198803264929A8000CCD7A /* theWireCharaUITests.swift */ = {isa = PBXFileReference; lastKnownFileType = sourcecode.swift; path = theWireCharaUITests.swift; sourceTree = "<group>"; };
		D4198805264929A8000CCD7A /* Info.plist */ = {isa = PBXFileReference; lastKnownFileType = text.plist.xml; path = Info.plist; sourceTree = "<group>"; };
		D434F5A72647F0BD00251D6D /* OrientationInfo.swift */ = {isa = PBXFileReference; lastKnownFileType = sourcecode.swift; path = OrientationInfo.swift; sourceTree = "<group>"; };
		D479723E26490BF200FC4B0A /* simpsonsCharaUITests.xctest */ = {isa = PBXFileReference; explicitFileType = wrapper.cfbundle; includeInIndex = 0; path = simpsonsCharaUITests.xctest; sourceTree = BUILT_PRODUCTS_DIR; };
		D479724026490BF200FC4B0A /* simpsonsCharaUITests.swift */ = {isa = PBXFileReference; lastKnownFileType = sourcecode.swift; path = simpsonsCharaUITests.swift; sourceTree = "<group>"; };
		D479724226490BF200FC4B0A /* Info.plist */ = {isa = PBXFileReference; lastKnownFileType = text.plist.xml; path = Info.plist; sourceTree = "<group>"; };
/* End PBXFileReference section */

/* Begin PBXFrameworksBuildPhase section */
		D4139FA32646DBFF000930CF /* Frameworks */ = {
			isa = PBXFrameworksBuildPhase;
			buildActionMask = 2147483647;
			files = (
			);
			runOnlyForDeploymentPostprocessing = 0;
		};
		D4139FD82646EA12000930CF /* Frameworks */ = {
			isa = PBXFrameworksBuildPhase;
			buildActionMask = 2147483647;
			files = (
			);
			runOnlyForDeploymentPostprocessing = 0;
		};
		D41987E2264915BD000CCD7A /* Frameworks */ = {
			isa = PBXFrameworksBuildPhase;
			buildActionMask = 2147483647;
			files = (
			);
			runOnlyForDeploymentPostprocessing = 0;
		};
		D41987F026492989000CCD7A /* Frameworks */ = {
			isa = PBXFrameworksBuildPhase;
			buildActionMask = 2147483647;
			files = (
			);
			runOnlyForDeploymentPostprocessing = 0;
		};
		D41987FE264929A7000CCD7A /* Frameworks */ = {
			isa = PBXFrameworksBuildPhase;
			buildActionMask = 2147483647;
			files = (
			);
			runOnlyForDeploymentPostprocessing = 0;
		};
		D479723B26490BF200FC4B0A /* Frameworks */ = {
			isa = PBXFrameworksBuildPhase;
			buildActionMask = 2147483647;
			files = (
			);
			runOnlyForDeploymentPostprocessing = 0;
		};
/* End PBXFrameworksBuildPhase section */

/* Begin PBXGroup section */
		D4139F9D2646DBFF000930CF = {
			isa = PBXGroup;
			children = (
				D4139FA82646DBFF000930CF /* duckduckGo */,
				D41987E6264915BD000CCD7A /* simpsonsCharaTests */,
				D479723F26490BF200FC4B0A /* simpsonsCharaUITests */,
				D41987F426492989000CCD7A /* theWireCharaTests */,
				D4198802264929A7000CCD7A /* theWireCharaUITests */,
				D4139FA72646DBFF000930CF /* Products */,
				D4139FE02646EA12000930CF /* duckduckGo copy-Info.plist */,
				D413A00C26472B9D000930CF /* simpsonsChara copy-Info.plist */,
			);
			sourceTree = "<group>";
		};
		D4139FA72646DBFF000930CF /* Products */ = {
			isa = PBXGroup;
			children = (
				D4139FA62646DBFF000930CF /* simpsonsChara.app */,
				D4139FDF2646EA12000930CF /* theWireChara.app */,
				D479723E26490BF200FC4B0A /* simpsonsCharaUITests.xctest */,
				D41987E5264915BD000CCD7A /* simpsonsCharaTests.xctest */,
				D41987F326492989000CCD7A /* theWireCharaTests.xctest */,
				D4198801264929A7000CCD7A /* theWireCharaUITests.xctest */,
			);
			name = Products;
			sourceTree = "<group>";
		};
		D4139FA82646DBFF000930CF /* duckduckGo */ = {
			isa = PBXGroup;
			children = (
				D419880C26492E19000CCD7A /* View */,
				D419880D26492E3E000CCD7A /* View Model */,
				D419880E26492E62000CCD7A /* Model */,
				D419880F26492E71000CCD7A /* API */,
				D419880B26492D40000CCD7A /* Helpers */,
				D4139FA92646DBFF000930CF /* duckduckGoApp.swift */,
				D4139FAD2646DC04000930CF /* Assets.xcassets */,
				D4139FB22646DC04000930CF /* Info.plist */,
				D4139FAF2646DC04000930CF /* Preview Content */,
			);
			path = duckduckGo;
			sourceTree = "<group>";
		};
		D4139FAF2646DC04000930CF /* Preview Content */ = {
			isa = PBXGroup;
			children = (
				D4139FB02646DC04000930CF /* Preview Assets.xcassets */,
			);
			path = "Preview Content";
			sourceTree = "<group>";
		};
		D41987E6264915BD000CCD7A /* simpsonsCharaTests */ = {
			isa = PBXGroup;
			children = (
				D41987E7264915BD000CCD7A /* simpsonsCharaTests.swift */,
				D41987E9264915BD000CCD7A /* Info.plist */,
			);
			path = simpsonsCharaTests;
			sourceTree = "<group>";
		};
		D41987F426492989000CCD7A /* theWireCharaTests */ = {
			isa = PBXGroup;
			children = (
				D41987F526492989000CCD7A /* theWireCharaTests.swift */,
				D41987F726492989000CCD7A /* Info.plist */,
			);
			path = theWireCharaTests;
			sourceTree = "<group>";
		};
		D4198802264929A7000CCD7A /* theWireCharaUITests */ = {
			isa = PBXGroup;
			children = (
				D4198803264929A8000CCD7A /* theWireCharaUITests.swift */,
				D4198805264929A8000CCD7A /* Info.plist */,
			);
			path = theWireCharaUITests;
			sourceTree = "<group>";
		};
		D419880B26492D40000CCD7A /* Helpers */ = {
			isa = PBXGroup;
			children = (
				D413A00D26473990000930CF /* ExtensionString.swift */,
				D4139FF22646FD88000930CF /* Constants.swift */,
			);
			path = Helpers;
			sourceTree = "<group>";
		};
		D419880C26492E19000CCD7A /* View */ = {
			isa = PBXGroup;
			children = (
				D4139FAB2646DBFF000930CF /* CharactersListView.swift */,
				D4139FE52646FB67000930CF /* CharacterDetailsView.swift */,
				D4139FF526471AEB000930CF /* URLImage.swift */,
			);
			path = View;
			sourceTree = "<group>";
		};
		D419880D26492E3E000CCD7A /* View Model */ = {
			isa = PBXGroup;
			children = (
				D4139FE32646F6A1000930CF /* CharactersListViewModel.swift */,
				D434F5A72647F0BD00251D6D /* OrientationInfo.swift */,
				D4139FEF2646FD45000930CF /* ImageLoader.swift */,
			);
			path = "View Model";
			sourceTree = "<group>";
		};
		D419880E26492E62000CCD7A /* Model */ = {
			isa = PBXGroup;
			children = (
				D4139FE92646FBE8000930CF /* CharactersAPIResponse.swift */,
			);
			path = Model;
			sourceTree = "<group>";
		};
		D419880F26492E71000CCD7A /* API */ = {
			isa = PBXGroup;
			children = (
				D4139FEC2646FCD0000930CF /* CharactersAPI.swift */,
			);
			path = API;
			sourceTree = "<group>";
		};
		D479723F26490BF200FC4B0A /* simpsonsCharaUITests */ = {
			isa = PBXGroup;
			children = (
				D479724026490BF200FC4B0A /* simpsonsCharaUITests.swift */,
				D479724226490BF200FC4B0A /* Info.plist */,
			);
			path = simpsonsCharaUITests;
			sourceTree = "<group>";
		};
/* End PBXGroup section */

/* Begin PBXNativeTarget section */
		D4139FA52646DBFF000930CF /* simpsonsChara */ = {
			isa = PBXNativeTarget;
			buildConfigurationList = D4139FCB2646DC04000930CF /* Build configuration list for PBXNativeTarget "simpsonsChara" */;
			buildPhases = (
				D4139FA22646DBFF000930CF /* Sources */,
				D4139FA32646DBFF000930CF /* Frameworks */,
				D4139FA42646DBFF000930CF /* Resources */,
			);
			buildRules = (
			);
			dependencies = (
			);
			name = simpsonsChara;
			productName = duckduckGo;
			productReference = D4139FA62646DBFF000930CF /* simpsonsChara.app */;
			productType = "com.apple.product-type.application";
		};
		D4139FD42646EA12000930CF /* theWireChara */ = {
			isa = PBXNativeTarget;
			buildConfigurationList = D4139FDC2646EA12000930CF /* Build configuration list for PBXNativeTarget "theWireChara" */;
			buildPhases = (
				D4139FD52646EA12000930CF /* Sources */,
				D4139FD82646EA12000930CF /* Frameworks */,
				D4139FD92646EA12000930CF /* Resources */,
			);
			buildRules = (
			);
			dependencies = (
			);
			name = theWireChara;
			productName = duckduckGo;
			productReference = D4139FDF2646EA12000930CF /* theWireChara.app */;
			productType = "com.apple.product-type.application";
		};
		D41987E4264915BD000CCD7A /* simpsonsCharaTests */ = {
			isa = PBXNativeTarget;
			buildConfigurationList = D41987EC264915BD000CCD7A /* Build configuration list for PBXNativeTarget "simpsonsCharaTests" */;
			buildPhases = (
				D41987E1264915BD000CCD7A /* Sources */,
				D41987E2264915BD000CCD7A /* Frameworks */,
				D41987E3264915BD000CCD7A /* Resources */,
			);
			buildRules = (
			);
			dependencies = (
				D41987EB264915BD000CCD7A /* PBXTargetDependency */,
			);
			name = simpsonsCharaTests;
			productName = simpsonsCharaTests;
			productReference = D41987E5264915BD000CCD7A /* simpsonsCharaTests.xctest */;
			productType = "com.apple.product-type.bundle.unit-test";
		};
		D41987F226492989000CCD7A /* theWireCharaTests */ = {
			isa = PBXNativeTarget;
			buildConfigurationList = D41987FA26492989000CCD7A /* Build configuration list for PBXNativeTarget "theWireCharaTests" */;
			buildPhases = (
				D41987EF26492989000CCD7A /* Sources */,
				D41987F026492989000CCD7A /* Frameworks */,
				D41987F126492989000CCD7A /* Resources */,
			);
			buildRules = (
			);
			dependencies = (
				D41987F926492989000CCD7A /* PBXTargetDependency */,
			);
			name = theWireCharaTests;
			productName = theWireCharaTests;
			productReference = D41987F326492989000CCD7A /* theWireCharaTests.xctest */;
			productType = "com.apple.product-type.bundle.unit-test";
		};
		D4198800264929A7000CCD7A /* theWireCharaUITests */ = {
			isa = PBXNativeTarget;
			buildConfigurationList = D4198808264929A8000CCD7A /* Build configuration list for PBXNativeTarget "theWireCharaUITests" */;
			buildPhases = (
				D41987FD264929A7000CCD7A /* Sources */,
				D41987FE264929A7000CCD7A /* Frameworks */,
				D41987FF264929A7000CCD7A /* Resources */,
			);
			buildRules = (
			);
			dependencies = (
				D4198807264929A8000CCD7A /* PBXTargetDependency */,
			);
			name = theWireCharaUITests;
			productName = theWireCharaUITests;
			productReference = D4198801264929A7000CCD7A /* theWireCharaUITests.xctest */;
			productType = "com.apple.product-type.bundle.ui-testing";
		};
		D479723D26490BF200FC4B0A /* simpsonsCharaUITests */ = {
			isa = PBXNativeTarget;
			buildConfigurationList = D479724526490BF200FC4B0A /* Build configuration list for PBXNativeTarget "simpsonsCharaUITests" */;
			buildPhases = (
				D479723A26490BF200FC4B0A /* Sources */,
				D479723B26490BF200FC4B0A /* Frameworks */,
				D479723C26490BF200FC4B0A /* Resources */,
			);
			buildRules = (
			);
			dependencies = (
				D479724426490BF200FC4B0A /* PBXTargetDependency */,
			);
			name = simpsonsCharaUITests;
			productName = simpsonsCharaUITests;
			productReference = D479723E26490BF200FC4B0A /* simpsonsCharaUITests.xctest */;
			productType = "com.apple.product-type.bundle.ui-testing";
		};
/* End PBXNativeTarget section */

/* Begin PBXProject section */
		D4139F9E2646DBFF000930CF /* Project object */ = {
			isa = PBXProject;
			attributes = {
				LastSwiftUpdateCheck = 1250;
				LastUpgradeCheck = 1250;
				TargetAttributes = {
					D4139FA52646DBFF000930CF = {
						CreatedOnToolsVersion = 12.5;
					};
					D41987E4264915BD000CCD7A = {
						CreatedOnToolsVersion = 12.5;
						TestTargetID = D4139FA52646DBFF000930CF;
					};
					D41987F226492989000CCD7A = {
						CreatedOnToolsVersion = 12.5;
						TestTargetID = D4139FD42646EA12000930CF;
					};
					D4198800264929A7000CCD7A = {
						CreatedOnToolsVersion = 12.5;
						TestTargetID = D4139FD42646EA12000930CF;
					};
					D479723D26490BF200FC4B0A = {
						CreatedOnToolsVersion = 12.5;
						TestTargetID = D4139FA52646DBFF000930CF;
					};
				};
			};
			buildConfigurationList = D4139FA12646DBFF000930CF /* Build configuration list for PBXProject "duckduckGo" */;
			compatibilityVersion = "Xcode 9.3";
			developmentRegion = en;
			hasScannedForEncodings = 0;
			knownRegions = (
				en,
				Base,
			);
			mainGroup = D4139F9D2646DBFF000930CF;
			productRefGroup = D4139FA72646DBFF000930CF /* Products */;
			projectDirPath = "";
			projectRoot = "";
			targets = (
				D4139FA52646DBFF000930CF /* simpsonsChara */,
				D4139FD42646EA12000930CF /* theWireChara */,
				D479723D26490BF200FC4B0A /* simpsonsCharaUITests */,
				D41987E4264915BD000CCD7A /* simpsonsCharaTests */,
				D41987F226492989000CCD7A /* theWireCharaTests */,
				D4198800264929A7000CCD7A /* theWireCharaUITests */,
			);
		};
/* End PBXProject section */

/* Begin PBXResourcesBuildPhase section */
		D4139FA42646DBFF000930CF /* Resources */ = {
			isa = PBXResourcesBuildPhase;
			buildActionMask = 2147483647;
			files = (
				D4139FB12646DC04000930CF /* Preview Assets.xcassets in Resources */,
				D4139FAE2646DC04000930CF /* Assets.xcassets in Resources */,
			);
			runOnlyForDeploymentPostprocessing = 0;
		};
		D4139FD92646EA12000930CF /* Resources */ = {
			isa = PBXResourcesBuildPhase;
			buildActionMask = 2147483647;
			files = (
				D4139FDA2646EA12000930CF /* Preview Assets.xcassets in Resources */,
				D4139FDB2646EA12000930CF /* Assets.xcassets in Resources */,
			);
			runOnlyForDeploymentPostprocessing = 0;
		};
		D41987E3264915BD000CCD7A /* Resources */ = {
			isa = PBXResourcesBuildPhase;
			buildActionMask = 2147483647;
			files = (
			);
			runOnlyForDeploymentPostprocessing = 0;
		};
		D41987F126492989000CCD7A /* Resources */ = {
			isa = PBXResourcesBuildPhase;
			buildActionMask = 2147483647;
			files = (
			);
			runOnlyForDeploymentPostprocessing = 0;
		};
		D41987FF264929A7000CCD7A /* Resources */ = {
			isa = PBXResourcesBuildPhase;
			buildActionMask = 2147483647;
			files = (
			);
			runOnlyForDeploymentPostprocessing = 0;
		};
		D479723C26490BF200FC4B0A /* Resources */ = {
			isa = PBXResourcesBuildPhase;
			buildActionMask = 2147483647;
			files = (
			);
			runOnlyForDeploymentPostprocessing = 0;
		};
/* End PBXResourcesBuildPhase section */

/* Begin PBXSourcesBuildPhase section */
		D4139FA22646DBFF000930CF /* Sources */ = {
			isa = PBXSourcesBuildPhase;
			buildActionMask = 2147483647;
			files = (
				D4139FF02646FD45000930CF /* ImageLoader.swift in Sources */,
				D4139FF626471AEB000930CF /* URLImage.swift in Sources */,
				D4139FED2646FCD0000930CF /* CharactersAPI.swift in Sources */,
				D4139FE62646FB67000930CF /* CharacterDetailsView.swift in Sources */,
				D4139FE42646F6A1000930CF /* CharactersListViewModel.swift in Sources */,
				D4139FAC2646DBFF000930CF /* CharactersListView.swift in Sources */,
				D4139FF32646FD88000930CF /* Constants.swift in Sources */,
				D434F5A82647F0BD00251D6D /* OrientationInfo.swift in Sources */,
				D4139FAA2646DBFF000930CF /* duckduckGoApp.swift in Sources */,
				D4139FEA2646FBE8000930CF /* CharactersAPIResponse.swift in Sources */,
				D413A00E26473990000930CF /* ExtensionString.swift in Sources */,
			);
			runOnlyForDeploymentPostprocessing = 0;
		};
		D4139FD52646EA12000930CF /* Sources */ = {
			isa = PBXSourcesBuildPhase;
			buildActionMask = 2147483647;
			files = (
				D434F5A92648182300251D6D /* OrientationInfo.swift in Sources */,
				D4139FF12646FD45000930CF /* ImageLoader.swift in Sources */,
				D4139FF726471AEB000930CF /* URLImage.swift in Sources */,
				D4139FEE2646FCD0000930CF /* CharactersAPI.swift in Sources */,
				D4139FE82646FB7A000930CF /* CharactersListViewModel.swift in Sources */,
				D4139FD62646EA12000930CF /* CharactersListView.swift in Sources */,
				D4139FD72646EA12000930CF /* duckduckGoApp.swift in Sources */,
				D4139FF42646FD88000930CF /* Constants.swift in Sources */,
				D4139FE72646FB67000930CF /* CharacterDetailsView.swift in Sources */,
				D4139FEB2646FBE8000930CF /* CharactersAPIResponse.swift in Sources */,
				D413A00F26473990000930CF /* ExtensionString.swift in Sources */,
			);
			runOnlyForDeploymentPostprocessing = 0;
		};
		D41987E1264915BD000CCD7A /* Sources */ = {
			isa = PBXSourcesBuildPhase;
			buildActionMask = 2147483647;
			files = (
				D41987E8264915BD000CCD7A /* simpsonsCharaTests.swift in Sources */,
			);
			runOnlyForDeploymentPostprocessing = 0;
		};
		D41987EF26492989000CCD7A /* Sources */ = {
			isa = PBXSourcesBuildPhase;
			buildActionMask = 2147483647;
			files = (
				D41987F626492989000CCD7A /* theWireCharaTests.swift in Sources */,
			);
			runOnlyForDeploymentPostprocessing = 0;
		};
		D41987FD264929A7000CCD7A /* Sources */ = {
			isa = PBXSourcesBuildPhase;
			buildActionMask = 2147483647;
			files = (
				D4198804264929A8000CCD7A /* theWireCharaUITests.swift in Sources */,
			);
			runOnlyForDeploymentPostprocessing = 0;
		};
		D479723A26490BF200FC4B0A /* Sources */ = {
			isa = PBXSourcesBuildPhase;
			buildActionMask = 2147483647;
			files = (
				D479724126490BF200FC4B0A /* simpsonsCharaUITests.swift in Sources */,
			);
			runOnlyForDeploymentPostprocessing = 0;
		};
/* End PBXSourcesBuildPhase section */

/* Begin PBXTargetDependency section */
		D41987EB264915BD000CCD7A /* PBXTargetDependency */ = {
			isa = PBXTargetDependency;
			target = D4139FA52646DBFF000930CF /* simpsonsChara */;
			targetProxy = D41987EA264915BD000CCD7A /* PBXContainerItemProxy */;
		};
		D41987F926492989000CCD7A /* PBXTargetDependency */ = {
			isa = PBXTargetDependency;
			target = D4139FD42646EA12000930CF /* theWireChara */;
			targetProxy = D41987F826492989000CCD7A /* PBXContainerItemProxy */;
		};
		D4198807264929A8000CCD7A /* PBXTargetDependency */ = {
			isa = PBXTargetDependency;
			target = D4139FD42646EA12000930CF /* theWireChara */;
			targetProxy = D4198806264929A8000CCD7A /* PBXContainerItemProxy */;
		};
		D479724426490BF200FC4B0A /* PBXTargetDependency */ = {
			isa = PBXTargetDependency;
			target = D4139FA52646DBFF000930CF /* simpsonsChara */;
			targetProxy = D479724326490BF200FC4B0A /* PBXContainerItemProxy */;
		};
/* End PBXTargetDependency section */

/* Begin XCBuildConfiguration section */
		D4139FC92646DC04000930CF /* Debug */ = {
			isa = XCBuildConfiguration;
			buildSettings = {
				ALWAYS_SEARCH_USER_PATHS = NO;
				CLANG_ANALYZER_NONNULL = YES;
				CLANG_ANALYZER_NUMBER_OBJECT_CONVERSION = YES_AGGRESSIVE;
				CLANG_CXX_LANGUAGE_STANDARD = "gnu++14";
				CLANG_CXX_LIBRARY = "libc++";
				CLANG_ENABLE_MODULES = YES;
				CLANG_ENABLE_OBJC_ARC = YES;
				CLANG_ENABLE_OBJC_WEAK = YES;
				CLANG_WARN_BLOCK_CAPTURE_AUTORELEASING = YES;
				CLANG_WARN_BOOL_CONVERSION = YES;
				CLANG_WARN_COMMA = YES;
				CLANG_WARN_CONSTANT_CONVERSION = YES;
				CLANG_WARN_DEPRECATED_OBJC_IMPLEMENTATIONS = YES;
				CLANG_WARN_DIRECT_OBJC_ISA_USAGE = YES_ERROR;
				CLANG_WARN_DOCUMENTATION_COMMENTS = YES;
				CLANG_WARN_EMPTY_BODY = YES;
				CLANG_WARN_ENUM_CONVERSION = YES;
				CLANG_WARN_INFINITE_RECURSION = YES;
				CLANG_WARN_INT_CONVERSION = YES;
				CLANG_WARN_NON_LITERAL_NULL_CONVERSION = YES;
				CLANG_WARN_OBJC_IMPLICIT_RETAIN_SELF = YES;
				CLANG_WARN_OBJC_LITERAL_CONVERSION = YES;
				CLANG_WARN_OBJC_ROOT_CLASS = YES_ERROR;
				CLANG_WARN_QUOTED_INCLUDE_IN_FRAMEWORK_HEADER = YES;
				CLANG_WARN_RANGE_LOOP_ANALYSIS = YES;
				CLANG_WARN_STRICT_PROTOTYPES = YES;
				CLANG_WARN_SUSPICIOUS_MOVE = YES;
				CLANG_WARN_UNGUARDED_AVAILABILITY = YES_AGGRESSIVE;
				CLANG_WARN_UNREACHABLE_CODE = YES;
				CLANG_WARN__DUPLICATE_METHOD_MATCH = YES;
				COPY_PHASE_STRIP = NO;
				DEBUG_INFORMATION_FORMAT = dwarf;
				ENABLE_STRICT_OBJC_MSGSEND = YES;
				ENABLE_TESTABILITY = YES;
				GCC_C_LANGUAGE_STANDARD = gnu11;
				GCC_DYNAMIC_NO_PIC = NO;
				GCC_NO_COMMON_BLOCKS = YES;
				GCC_OPTIMIZATION_LEVEL = 0;
				GCC_PREPROCESSOR_DEFINITIONS = (
					"DEBUG=1",
					"$(inherited)",
				);
				GCC_WARN_64_TO_32_BIT_CONVERSION = YES;
				GCC_WARN_ABOUT_RETURN_TYPE = YES_ERROR;
				GCC_WARN_UNDECLARED_SELECTOR = YES;
				GCC_WARN_UNINITIALIZED_AUTOS = YES_AGGRESSIVE;
				GCC_WARN_UNUSED_FUNCTION = YES;
				GCC_WARN_UNUSED_VARIABLE = YES;
				IPHONEOS_DEPLOYMENT_TARGET = 14.5;
				MTL_ENABLE_DEBUG_INFO = INCLUDE_SOURCE;
				MTL_FAST_MATH = YES;
				ONLY_ACTIVE_ARCH = YES;
				SDKROOT = iphoneos;
				SWIFT_ACTIVE_COMPILATION_CONDITIONS = DEBUG;
				SWIFT_OPTIMIZATION_LEVEL = "-Onone";
			};
			name = Debug;
		};
		D4139FCA2646DC04000930CF /* Release */ = {
			isa = XCBuildConfiguration;
			buildSettings = {
				ALWAYS_SEARCH_USER_PATHS = NO;
				CLANG_ANALYZER_NONNULL = YES;
				CLANG_ANALYZER_NUMBER_OBJECT_CONVERSION = YES_AGGRESSIVE;
				CLANG_CXX_LANGUAGE_STANDARD = "gnu++14";
				CLANG_CXX_LIBRARY = "libc++";
				CLANG_ENABLE_MODULES = YES;
				CLANG_ENABLE_OBJC_ARC = YES;
				CLANG_ENABLE_OBJC_WEAK = YES;
				CLANG_WARN_BLOCK_CAPTURE_AUTORELEASING = YES;
				CLANG_WARN_BOOL_CONVERSION = YES;
				CLANG_WARN_COMMA = YES;
				CLANG_WARN_CONSTANT_CONVERSION = YES;
				CLANG_WARN_DEPRECATED_OBJC_IMPLEMENTATIONS = YES;
				CLANG_WARN_DIRECT_OBJC_ISA_USAGE = YES_ERROR;
				CLANG_WARN_DOCUMENTATION_COMMENTS = YES;
				CLANG_WARN_EMPTY_BODY = YES;
				CLANG_WARN_ENUM_CONVERSION = YES;
				CLANG_WARN_INFINITE_RECURSION = YES;
				CLANG_WARN_INT_CONVERSION = YES;
				CLANG_WARN_NON_LITERAL_NULL_CONVERSION = YES;
				CLANG_WARN_OBJC_IMPLICIT_RETAIN_SELF = YES;
				CLANG_WARN_OBJC_LITERAL_CONVERSION = YES;
				CLANG_WARN_OBJC_ROOT_CLASS = YES_ERROR;
				CLANG_WARN_QUOTED_INCLUDE_IN_FRAMEWORK_HEADER = YES;
				CLANG_WARN_RANGE_LOOP_ANALYSIS = YES;
				CLANG_WARN_STRICT_PROTOTYPES = YES;
				CLANG_WARN_SUSPICIOUS_MOVE = YES;
				CLANG_WARN_UNGUARDED_AVAILABILITY = YES_AGGRESSIVE;
				CLANG_WARN_UNREACHABLE_CODE = YES;
				CLANG_WARN__DUPLICATE_METHOD_MATCH = YES;
				COPY_PHASE_STRIP = NO;
				DEBUG_INFORMATION_FORMAT = "dwarf-with-dsym";
				ENABLE_NS_ASSERTIONS = NO;
				ENABLE_STRICT_OBJC_MSGSEND = YES;
				GCC_C_LANGUAGE_STANDARD = gnu11;
				GCC_NO_COMMON_BLOCKS = YES;
				GCC_WARN_64_TO_32_BIT_CONVERSION = YES;
				GCC_WARN_ABOUT_RETURN_TYPE = YES_ERROR;
				GCC_WARN_UNDECLARED_SELECTOR = YES;
				GCC_WARN_UNINITIALIZED_AUTOS = YES_AGGRESSIVE;
				GCC_WARN_UNUSED_FUNCTION = YES;
				GCC_WARN_UNUSED_VARIABLE = YES;
				IPHONEOS_DEPLOYMENT_TARGET = 14.5;
				MTL_ENABLE_DEBUG_INFO = NO;
				MTL_FAST_MATH = YES;
				SDKROOT = iphoneos;
				SWIFT_COMPILATION_MODE = wholemodule;
				SWIFT_OPTIMIZATION_LEVEL = "-O";
				VALIDATE_PRODUCT = YES;
			};
			name = Release;
		};
		D4139FCC2646DC04000930CF /* Debug */ = {
			isa = XCBuildConfiguration;
			buildSettings = {
				ASSETCATALOG_COMPILER_APPICON_NAME = AppIcon;
				ASSETCATALOG_COMPILER_GLOBAL_ACCENT_COLOR_NAME = AccentColor;
				CODE_SIGN_STYLE = Automatic;
				DEVELOPMENT_ASSET_PATHS = "\"duckduckGo/Preview Content\"";
				DEVELOPMENT_TEAM = 9CXC697Y8U;
				DISPLAY_NAME = "Simpsons Character Viewer";
				ENABLE_PREVIEWS = YES;
				INFOPLIST_FILE = duckduckGo/Info.plist;
				IPHONEOS_DEPLOYMENT_TARGET = 14.0;
				LD_RUNPATH_SEARCH_PATHS = (
					"$(inherited)",
					"@executable_path/Frameworks",
				);
				OTHER_SWIFT_FLAGS = "-D simpsonsChara";
				PRODUCT_BUNDLE_IDENTIFIER = com.sample.simpsonsvIewer;
				PRODUCT_NAME = "$(TARGET_NAME)";
				SWIFT_VERSION = 5.0;
				TARGETED_DEVICE_FAMILY = "1,2";
			};
			name = Debug;
		};
		D4139FCD2646DC04000930CF /* Release */ = {
			isa = XCBuildConfiguration;
			buildSettings = {
				ASSETCATALOG_COMPILER_APPICON_NAME = AppIcon;
				ASSETCATALOG_COMPILER_GLOBAL_ACCENT_COLOR_NAME = AccentColor;
				CODE_SIGN_STYLE = Automatic;
				DEVELOPMENT_ASSET_PATHS = "\"duckduckGo/Preview Content\"";
				DEVELOPMENT_TEAM = 9CXC697Y8U;
				DISPLAY_NAME = "Simpsons Character Viewer";
				ENABLE_PREVIEWS = YES;
				INFOPLIST_FILE = duckduckGo/Info.plist;
				IPHONEOS_DEPLOYMENT_TARGET = 14.0;
				LD_RUNPATH_SEARCH_PATHS = (
					"$(inherited)",
					"@executable_path/Frameworks",
				);
				OTHER_SWIFT_FLAGS = "-D simpsonsChara";
				PRODUCT_BUNDLE_IDENTIFIER = com.sample.simpsonsvIewer;
				PRODUCT_NAME = "$(TARGET_NAME)";
				SWIFT_VERSION = 5.0;
				TARGETED_DEVICE_FAMILY = "1,2";
			};
			name = Release;
		};
		D4139FDD2646EA12000930CF /* Debug */ = {
			isa = XCBuildConfiguration;
			buildSettings = {
				ASSETCATALOG_COMPILER_APPICON_NAME = AppIcon;
				ASSETCATALOG_COMPILER_GLOBAL_ACCENT_COLOR_NAME = AccentColor;
				CODE_SIGN_STYLE = Automatic;
				DEVELOPMENT_ASSET_PATHS = "\"duckduckGo/Preview Content\"";
				DEVELOPMENT_TEAM = 9CXC697Y8U;
				DISPLAY_NAME = "The Wire Character Viewer";
				ENABLE_PREVIEWS = YES;
				INFOPLIST_FILE = "duckduckGo copy-Info.plist";
				IPHONEOS_DEPLOYMENT_TARGET = 14.0;
				LD_RUNPATH_SEARCH_PATHS = (
					"$(inherited)",
					"@executable_path/Frameworks",
				);
				OTHER_SWIFT_FLAGS = "-D theWireChara";
				PRODUCT_BUNDLE_IDENTIFIER = com.sample.wireviewer;
				PRODUCT_NAME = "$(TARGET_NAME)";
				SWIFT_VERSION = 5.0;
				TARGETED_DEVICE_FAMILY = "1,2";
			};
			name = Debug;
		};
		D4139FDE2646EA12000930CF /* Release */ = {
			isa = XCBuildConfiguration;
			buildSettings = {
				ASSETCATALOG_COMPILER_APPICON_NAME = AppIcon;
				ASSETCATALOG_COMPILER_GLOBAL_ACCENT_COLOR_NAME = AccentColor;
				CODE_SIGN_STYLE = Automatic;
				DEVELOPMENT_ASSET_PATHS = "\"duckduckGo/Preview Content\"";
				DEVELOPMENT_TEAM = 9CXC697Y8U;
				DISPLAY_NAME = "The Wire Character Viewer";
				ENABLE_PREVIEWS = YES;
				INFOPLIST_FILE = "duckduckGo copy-Info.plist";
				IPHONEOS_DEPLOYMENT_TARGET = 14.0;
				LD_RUNPATH_SEARCH_PATHS = (
					"$(inherited)",
					"@executable_path/Frameworks",
				);
				OTHER_SWIFT_FLAGS = "-D theWireChara";
				PRODUCT_BUNDLE_IDENTIFIER = com.sample.wireviewer;
				PRODUCT_NAME = "$(TARGET_NAME)";
				SWIFT_VERSION = 5.0;
				TARGETED_DEVICE_FAMILY = "1,2";
			};
			name = Release;
		};
		D41987ED264915BD000CCD7A /* Debug */ = {
			isa = XCBuildConfiguration;
			buildSettings = {
				BUNDLE_LOADER = "$(TEST_HOST)";
				CODE_SIGN_STYLE = Automatic;
				DEVELOPMENT_TEAM = 9CXC697Y8U;
				INFOPLIST_FILE = simpsonsCharaTests/Info.plist;
				LD_RUNPATH_SEARCH_PATHS = (
					"$(inherited)",
					"@executable_path/Frameworks",
					"@loader_path/Frameworks",
				);
				PRODUCT_BUNDLE_IDENTIFIER = bump.net.simpsonsCharaTests;
				PRODUCT_NAME = "$(TARGET_NAME)";
				SWIFT_VERSION = 5.0;
				TARGETED_DEVICE_FAMILY = "1,2";
				TEST_HOST = "$(BUILT_PRODUCTS_DIR)/simpsonsChara.app/simpsonsChara";
			};
			name = Debug;
		};
		D41987EE264915BD000CCD7A /* Release */ = {
			isa = XCBuildConfiguration;
			buildSettings = {
				BUNDLE_LOADER = "$(TEST_HOST)";
				CODE_SIGN_STYLE = Automatic;
				DEVELOPMENT_TEAM = 9CXC697Y8U;
				INFOPLIST_FILE = simpsonsCharaTests/Info.plist;
				LD_RUNPATH_SEARCH_PATHS = (
					"$(inherited)",
					"@executable_path/Frameworks",
					"@loader_path/Frameworks",
				);
				PRODUCT_BUNDLE_IDENTIFIER = bump.net.simpsonsCharaTests;
				PRODUCT_NAME = "$(TARGET_NAME)";
				SWIFT_VERSION = 5.0;
				TARGETED_DEVICE_FAMILY = "1,2";
				TEST_HOST = "$(BUILT_PRODUCTS_DIR)/simpsonsChara.app/simpsonsChara";
			};
			name = Release;
		};
		D41987FB26492989000CCD7A /* Debug */ = {
			isa = XCBuildConfiguration;
			buildSettings = {
				BUNDLE_LOADER = "$(TEST_HOST)";
				CODE_SIGN_STYLE = Automatic;
				DEVELOPMENT_TEAM = 9CXC697Y8U;
				INFOPLIST_FILE = theWireCharaTests/Info.plist;
				LD_RUNPATH_SEARCH_PATHS = (
					"$(inherited)",
					"@executable_path/Frameworks",
					"@loader_path/Frameworks",
				);
				PRODUCT_BUNDLE_IDENTIFIER = bump.net.theWireCharaTests;
				PRODUCT_NAME = "$(TARGET_NAME)";
				SWIFT_VERSION = 5.0;
				TARGETED_DEVICE_FAMILY = "1,2";
				TEST_HOST = "$(BUILT_PRODUCTS_DIR)/theWireChara.app/theWireChara";
			};
			name = Debug;
		};
		D41987FC26492989000CCD7A /* Release */ = {
			isa = XCBuildConfiguration;
			buildSettings = {
				BUNDLE_LOADER = "$(TEST_HOST)";
				CODE_SIGN_STYLE = Automatic;
				DEVELOPMENT_TEAM = 9CXC697Y8U;
				INFOPLIST_FILE = theWireCharaTests/Info.plist;
				LD_RUNPATH_SEARCH_PATHS = (
					"$(inherited)",
					"@executable_path/Frameworks",
					"@loader_path/Frameworks",
				);
				PRODUCT_BUNDLE_IDENTIFIER = bump.net.theWireCharaTests;
				PRODUCT_NAME = "$(TARGET_NAME)";
				SWIFT_VERSION = 5.0;
				TARGETED_DEVICE_FAMILY = "1,2";
				TEST_HOST = "$(BUILT_PRODUCTS_DIR)/theWireChara.app/theWireChara";
			};
			name = Release;
		};
		D4198809264929A8000CCD7A /* Debug */ = {
			isa = XCBuildConfiguration;
			buildSettings = {
				CODE_SIGN_STYLE = Automatic;
				DEVELOPMENT_TEAM = 9CXC697Y8U;
				INFOPLIST_FILE = theWireCharaUITests/Info.plist;
				LD_RUNPATH_SEARCH_PATHS = (
					"$(inherited)",
					"@executable_path/Frameworks",
					"@loader_path/Frameworks",
				);
				PRODUCT_BUNDLE_IDENTIFIER = bump.net.theWireCharaUITests;
				PRODUCT_NAME = "$(TARGET_NAME)";
				SWIFT_VERSION = 5.0;
				TARGETED_DEVICE_FAMILY = "1,2";
				TEST_TARGET_NAME = theWireChara;
			};
			name = Debug;
		};
		D419880A264929A8000CCD7A /* Release */ = {
			isa = XCBuildConfiguration;
			buildSettings = {
				CODE_SIGN_STYLE = Automatic;
				DEVELOPMENT_TEAM = 9CXC697Y8U;
				INFOPLIST_FILE = theWireCharaUITests/Info.plist;
				LD_RUNPATH_SEARCH_PATHS = (
					"$(inherited)",
					"@executable_path/Frameworks",
					"@loader_path/Frameworks",
				);
				PRODUCT_BUNDLE_IDENTIFIER = bump.net.theWireCharaUITests;
				PRODUCT_NAME = "$(TARGET_NAME)";
				SWIFT_VERSION = 5.0;
				TARGETED_DEVICE_FAMILY = "1,2";
				TEST_TARGET_NAME = theWireChara;
			};
			name = Release;
		};
		D479724626490BF200FC4B0A /* Debug */ = {
			isa = XCBuildConfiguration;
			buildSettings = {
				CODE_SIGN_STYLE = Automatic;
				DEVELOPMENT_TEAM = 9CXC697Y8U;
				INFOPLIST_FILE = simpsonsCharaUITests/Info.plist;
				LD_RUNPATH_SEARCH_PATHS = (
					"$(inherited)",
					"@executable_path/Frameworks",
					"@loader_path/Frameworks",
				);
				NEW_SETTING = "";
				PRODUCT_BUNDLE_IDENTIFIER = bump.net.simpsonsCharaUITests;
				PRODUCT_NAME = "$(TARGET_NAME)";
				SWIFT_VERSION = 5.0;
				TARGETED_DEVICE_FAMILY = "1,2";
				TEST_TARGET_NAME = simpsonsChara;
			};
			name = Debug;
		};
		D479724726490BF200FC4B0A /* Release */ = {
			isa = XCBuildConfiguration;
			buildSettings = {
				CODE_SIGN_STYLE = Automatic;
				DEVELOPMENT_TEAM = 9CXC697Y8U;
				INFOPLIST_FILE = simpsonsCharaUITests/Info.plist;
				LD_RUNPATH_SEARCH_PATHS = (
					"$(inherited)",
					"@executable_path/Frameworks",
					"@loader_path/Frameworks",
				);
				NEW_SETTING = "";
				PRODUCT_BUNDLE_IDENTIFIER = bump.net.simpsonsCharaUITests;
				PRODUCT_NAME = "$(TARGET_NAME)";
				SWIFT_VERSION = 5.0;
				TARGETED_DEVICE_FAMILY = "1,2";
				TEST_TARGET_NAME = simpsonsChara;
			};
			name = Release;
		};
/* End XCBuildConfiguration section */

/* Begin XCConfigurationList section */
		D4139FA12646DBFF000930CF /* Build configuration list for PBXProject "duckduckGo" */ = {
			isa = XCConfigurationList;
			buildConfigurations = (
				D4139FC92646DC04000930CF /* Debug */,
				D4139FCA2646DC04000930CF /* Release */,
			);
			defaultConfigurationIsVisible = 0;
			defaultConfigurationName = Release;
		};
		D4139FCB2646DC04000930CF /* Build configuration list for PBXNativeTarget "simpsonsChara" */ = {
			isa = XCConfigurationList;
			buildConfigurations = (
				D4139FCC2646DC04000930CF /* Debug */,
				D4139FCD2646DC04000930CF /* Release */,
			);
			defaultConfigurationIsVisible = 0;
			defaultConfigurationName = Release;
		};
		D4139FDC2646EA12000930CF /* Build configuration list for PBXNativeTarget "theWireChara" */ = {
			isa = XCConfigurationList;
			buildConfigurations = (
				D4139FDD2646EA12000930CF /* Debug */,
				D4139FDE2646EA12000930CF /* Release */,
			);
			defaultConfigurationIsVisible = 0;
			defaultConfigurationName = Release;
		};
		D41987EC264915BD000CCD7A /* Build configuration list for PBXNativeTarget "simpsonsCharaTests" */ = {
			isa = XCConfigurationList;
			buildConfigurations = (
				D41987ED264915BD000CCD7A /* Debug */,
				D41987EE264915BD000CCD7A /* Release */,
			);
			defaultConfigurationIsVisible = 0;
			defaultConfigurationName = Release;
		};
		D41987FA26492989000CCD7A /* Build configuration list for PBXNativeTarget "theWireCharaTests" */ = {
			isa = XCConfigurationList;
			buildConfigurations = (
				D41987FB26492989000CCD7A /* Debug */,
				D41987FC26492989000CCD7A /* Release */,
			);
			defaultConfigurationIsVisible = 0;
			defaultConfigurationName = Release;
		};
		D4198808264929A8000CCD7A /* Build configuration list for PBXNativeTarget "theWireCharaUITests" */ = {
			isa = XCConfigurationList;
			buildConfigurations = (
				D4198809264929A8000CCD7A /* Debug */,
				D419880A264929A8000CCD7A /* Release */,
			);
			defaultConfigurationIsVisible = 0;
			defaultConfigurationName = Release;
		};
		D479724526490BF200FC4B0A /* Build configuration list for PBXNativeTarget "simpsonsCharaUITests" */ = {
			isa = XCConfigurationList;
			buildConfigurations = (
				D479724626490BF200FC4B0A /* Debug */,
				D479724726490BF200FC4B0A /* Release */,
			);
			defaultConfigurationIsVisible = 0;
			defaultConfigurationName = Release;
		};
/* End XCConfigurationList section */
	};
	rootObject = D4139F9E2646DBFF000930CF /* Project object */;
}
